
Microsoft Visual Studio Solution File, Format Version 12.00
# Visual Studio Version 17
VisualStudioVersion = 17.0.31903.59
MinimumVisualStudioVersion = 10.0.40219.1
Project("{2150E333-8FDC-42A3-9474-1A3956D46DE8}") = "src", "src", "{9891F523-3F7C-4EB3-BF06-38078AF2D05A}"
EndProject
Project("{9A19103F-16F7-4668-BE54-9A1E7A4F7556}") = "SnapshotIt", "src\SnapshotIt\SnapshotIt.csproj", "{3024FF12-CE72-444F-A24C-BF48F6F4BABB}"
EndProject
Project("{2150E333-8FDC-42A3-9474-1A3956D46DE8}") = "tests", "tests", "{B0FF198B-9C6F-4B77-87DE-AF5D81D0D486}"
EndProject
Project("{9A19103F-16F7-4668-BE54-9A1E7A4F7556}") = "SnapshotIt.UnitTests", "tests\SnapshotIt.UnitTests\SnapshotIt.UnitTests.csproj", "{6BD3DBA2-2F9A-4013-AD65-72CE36035D59}"
EndProject
Project("{9A19103F-16F7-4668-BE54-9A1E7A4F7556}") = "SnapshotIt.DependencyInjection.UnitTests", "tests\SnapshotIt.DependencyInjection.UnitTests\SnapshotIt.DependencyInjection.UnitTests.csproj", "{7F9EC541-B30F-4601-9649-508E4A0C382E}"
EndProject
Project("{9A19103F-16F7-4668-BE54-9A1E7A4F7556}") = "SnapshotIt.DependencyInjection", "src\SnapshotIt.DependencyInjection\SnapshotIt.DependencyInjection.csproj", "{1FACD53B-C538-41D8-8678-E0D86C4BCFB2}"
EndProject
Global
	GlobalSection(SolutionConfigurationPlatforms) = preSolution
		Debug|Any CPU = Debug|Any CPU
		Release|Any CPU = Release|Any CPU
	EndGlobalSection
	GlobalSection(ProjectConfigurationPlatforms) = postSolution
		{3024FF12-CE72-444F-A24C-BF48F6F4BABB}.Debug|Any CPU.ActiveCfg = Debug|Any CPU
		{3024FF12-CE72-444F-A24C-BF48F6F4BABB}.Debug|Any CPU.Build.0 = Debug|Any CPU
		{3024FF12-CE72-444F-A24C-BF48F6F4BABB}.Release|Any CPU.ActiveCfg = Release|Any CPU
		{3024FF12-CE72-444F-A24C-BF48F6F4BABB}.Release|Any CPU.Build.0 = Release|Any CPU
		{6BD3DBA2-2F9A-4013-AD65-72CE36035D59}.Debug|Any CPU.ActiveCfg = Debug|Any CPU
		{6BD3DBA2-2F9A-4013-AD65-72CE36035D59}.Debug|Any CPU.Build.0 = Debug|Any CPU
		{6BD3DBA2-2F9A-4013-AD65-72CE36035D59}.Release|Any CPU.ActiveCfg = Release|Any CPU
		{6BD3DBA2-2F9A-4013-AD65-72CE36035D59}.Release|Any CPU.Build.0 = Release|Any CPU
		{7F9EC541-B30F-4601-9649-508E4A0C382E}.Debug|Any CPU.ActiveCfg = Debug|Any CPU
		{7F9EC541-B30F-4601-9649-508E4A0C382E}.Debug|Any CPU.Build.0 = Debug|Any CPU
		{7F9EC541-B30F-4601-9649-508E4A0C382E}.Release|Any CPU.ActiveCfg = Release|Any CPU
		{7F9EC541-B30F-4601-9649-508E4A0C382E}.Release|Any CPU.Build.0 = Release|Any CPU
		{1FACD53B-C538-41D8-8678-E0D86C4BCFB2}.Debug|Any CPU.ActiveCfg = Debug|Any CPU
		{1FACD53B-C538-41D8-8678-E0D86C4BCFB2}.Debug|Any CPU.Build.0 = Debug|Any CPU
		{1FACD53B-C538-41D8-8678-E0D86C4BCFB2}.Release|Any CPU.ActiveCfg = Release|Any CPU
		{1FACD53B-C538-41D8-8678-E0D86C4BCFB2}.Release|Any CPU.Build.0 = Release|Any CPU
	EndGlobalSection
	GlobalSection(SolutionProperties) = preSolution
		HideSolutionNode = FALSE
	EndGlobalSection
	GlobalSection(NestedProjects) = preSolution
		{3024FF12-CE72-444F-A24C-BF48F6F4BABB} = {9891F523-3F7C-4EB3-BF06-38078AF2D05A}
		{6BD3DBA2-2F9A-4013-AD65-72CE36035D59} = {B0FF198B-9C6F-4B77-87DE-AF5D81D0D486}
		{7F9EC541-B30F-4601-9649-508E4A0C382E} = {B0FF198B-9C6F-4B77-87DE-AF5D81D0D486}
		{1FACD53B-C538-41D8-8678-E0D86C4BCFB2} = {9891F523-3F7C-4EB3-BF06-38078AF2D05A}
	EndGlobalSection
	GlobalSection(ExtensibilityGlobals) = postSolution
		SolutionGuid = {5C844C31-15C2-47F2-B289-6867A7C9C29A}
	EndGlobalSection
EndGlobal
