Microsoft Visual Studio Solution File, Format Version 12.00
# Visual Studio Version 17
VisualStudioVersion = 17.5.2.0
MinimumVisualStudioVersion = 10.0.40219.1
Project("{FAE04EC0-301F-11D3-BF4B-00C04F79EFBC}") = "SnapshotIt.Benchmarks", "SnapshotIt.Benchmarks.csproj", "{A84A5211-9538-C479-2A1B-8097F191FEDE}"
EndProject
Global
	GlobalSection(SolutionConfigurationPlatforms) = preSolution
		Debug|Any CPU = Debug|Any CPU
		Release|Any CPU = Release|Any CPU
	EndGlobalSection
	GlobalSection(ProjectConfigurationPlatforms) = postSolution
		{A84A5211-9538-C479-2A1B-8097F191FEDE}.Debug|Any CPU.ActiveCfg = Debug|Any CPU
		{A84A5211-9538-C479-2A1B-8097F191FEDE}.Debug|Any CPU.Build.0 = Debug|Any CPU
		{A84A5211-9538-C479-2A1B-8097F191FEDE}.Release|Any CPU.ActiveCfg = Release|Any CPU
		{A84A5211-9538-C479-2A1B-8097F191FEDE}.Release|Any CPU.Build.0 = Release|Any CPU
	EndGlobalSection
	GlobalSection(SolutionProperties) = preSolution
		HideSolutionNode = FALSE
	EndGlobalSection
	GlobalSection(ExtensibilityGlobals) = postSolution
		SolutionGuid = {86DCC22A-C447-4A0D-BE0C-46B49618A260}
	EndGlobalSection
EndGlobal
